PODS:
  - Alamofire (4.6.0)
  - ALCameraViewController (1.2.7)
  - AsyncDisplayKit (2.2):
    - AsyncDisplayKit/PINRemoteImage (= 2.2)
  - AsyncDisplayKit/Core (2.2)
  - AsyncDisplayKit/PINRemoteImage (2.2):
    - AsyncDisplayKit/Core
    - PINRemoteImage/iOS (= 3.0.0-beta.8)
    - PINRemoteImage/PINCache
  - Bolts (1.9.0):
    - Bolts/AppLinks (= 1.9.0)
    - Bolts/Tasks (= 1.9.0)
  - Bolts/AppLinks (1.9.0):
    - Bolts/Tasks
  - Bolts/Tasks (1.9.0)
  - BrightFutures (5.2.0):
    - Result (~> 3.2)
  - Crashlytics (3.8.4):
    - Fabric (~> 1.6.3)
  - DTCoreText (1.6.21):
    - DTCoreText/Core (= 1.6.21)
    - DTFoundation/Core (~> 1.7.5)
    - DTFoundation/DTAnimatedGIF (~> 1.7.5)
    - DTFoundation/DTHTMLParser (~> 1.7.5)
    - DTFoundation/UIKit (~> 1.7.5)
  - DTCoreText/Core (1.6.21):
    - DTFoundation/Core (~> 1.7.5)
    - DTFoundation/DTAnimatedGIF (~> 1.7.5)
    - DTFoundation/DTHTMLParser (~> 1.7.5)
    - DTFoundation/UIKit (~> 1.7.5)
  - DTFoundation/Core (1.7.13)
  - DTFoundation/DTAnimatedGIF (1.7.13)
  - DTFoundation/DTHTMLParser (1.7.13):
    - DTFoundation/Core
  - DTFoundation/UIKit (1.7.13):
    - DTFoundation/Core
  - EMCCountryPickerController (1.3.4)
  - Fabric (1.6.11)
  - FacebookCore (0.3.0):
    - Bolts (~> 1.8)
    - FBSDKCoreKit (~> 4.27)
  - FacebookLogin (0.3.0):
    - Bolts (~> 1.8)
    - FacebookCore (~> 0.3)
    - FBSDKCoreKit (~> 4.27)
    - FBSDKLoginKit (~> 4.27)
  - FacebookShare (0.3.0):
    - Bolts (~> 1.8)
    - FacebookCore (~> 0.3)
    - FBSDKCoreKit (~> 4.27)
    - FBSDKShareKit (~> 4.27)
  - FBSDKCoreKit (4.29.0):
    - Bolts (~> 1.7)
  - FBSDKLoginKit (4.29.0):
    - FBSDKCoreKit
  - FBSDKShareKit (4.29.0):
    - FBSDKCoreKit
  - FLKAutoLayout (1.0.0)
  - GoogleAnalytics (3.17.0)
  - GSImageViewerController (1.2.1)
  - Keys (1.0.0)
  - MobileEditor (0.9.1)
  - Moya (8.0.5):
    - Moya/Core (= 8.0.5)
  - Moya/Core (8.0.5):
    - Alamofire (~> 4.1)
    - Result (~> 3.0)
  - PINCache (3.0.1-beta.4):
    - PINCache/Arc-exception-safe (= 3.0.1-beta.4)
    - PINCache/Core (= 3.0.1-beta.4)
  - PINCache/Arc-exception-safe (3.0.1-beta.4):
    - PINCache/Core
  - PINCache/Core (3.0.1-beta.4):
    - PINOperation (= 1.0.3)
  - PINOperation (1.0.3)
  - PINRemoteImage/Core (3.0.0-beta.8)
  - PINRemoteImage/iOS (3.0.0-beta.8):
    - PINRemoteImage/Core
  - PINRemoteImage/PINCache (3.0.0-beta.8):
    - PINCache (= 3.0.1-beta.4)
    - PINRemoteImage/Core
  - ReachabilitySwift (3)
  - Result (3.2.4)
  - RichEditorView (4.0.0)
  - SDWebImage (4.0.0):
    - SDWebImage/Core (= 4.0.0)
  - SDWebImage/Core (4.0.0)
  - Segmentio (2.1.2)
  - Spine (0.3):
    - BrightFutures (~> 5.0)
    - SwiftyJSON (~> 3.1.4)
  - SwiftLinkPreview (2.0.0)
  - SwiftLoader (0.2.5)
  - SwiftMessages (3.1.4)
  - SwiftyJSON (3.1.4)
  - TTTAttributedLabel (2.0.0)
  - UIImageViewAlignedSwift (0.3.1)
  - Version (0.5.0)
  - WSTagsField (2.1.2)

DEPENDENCIES:
  - ALCameraViewController (= 1.2.7)
  - AsyncDisplayKit (= 2.2)
  - Crashlytics (= 3.8.4)
  - DTCoreText (= 1.6.21)
  - EMCCountryPickerController (from `https://github.com/Keeward/EMCCountryPickerController`, tag `1.4.0`)
  - Fabric (= 1.6.11)
  - FacebookCore (= 0.3.0)
  - FacebookLogin (= 0.3.0)
  - FacebookShare (= 0.3.0)
  - FLKAutoLayout (= 1.0.0)
  - GoogleAnalytics (= 3.17.0)
  - GSImageViewerController (= 1.2.1)
  - Keys (from `Pods/CocoaPodsKeys`)
  - MobileEditor (from `git@gitlab.help-counter.com:ios-libraries/ContentEditor.git`)
  - Moya (= 8.0.5)
  - ReachabilitySwift (= 3)
  - RichEditorView (= 4.0.0)
  - SDWebImage (= 4.0.0)
  - Segmentio (= 2.1.2)
  - Spine (from `https://github.com/Keeward/Spine.git`, tag `0.3.2`)
  - SwiftLinkPreview (= 2.0.0)
  - SwiftLoader (from `https://github.com/keeward/SwiftLoader`, tag `0.3.1`)
  - SwiftMessages (= 3.1.4)
  - SwiftyJSON (= 3.1.4)
  - TTTAttributedLabel (= 2.0.0)
  - UIImageViewAlignedSwift (= 0.3.1)
  - Version (from `https://github.com/opwoco/Version`)
  - WSTagsField (from `https://github.com/Keeward/WSTagsField.git`)

EXTERNAL SOURCES:
  EMCCountryPickerController:
    :git: https://github.com/Keeward/EMCCountryPickerController
    :tag: 1.4.0
  Keys:
    :path: Pods/CocoaPodsKeys
  MobileEditor:
    :git: git@gitlab.help-counter.com:ios-libraries/ContentEditor.git
    :submodules: true
  Spine:
    :git: https://github.com/Keeward/Spine.git
    :tag: 0.3.2
  SwiftLoader:
    :git: https://github.com/keeward/SwiftLoader
    :tag: 0.3.1
  Version:
    :git: https://github.com/opwoco/Version
  WSTagsField:
    :git: https://github.com/Keeward/WSTagsField.git

CHECKOUT OPTIONS:
  EMCCountryPickerController:
    :git: https://github.com/Keeward/EMCCountryPickerController
    :tag: 1.4.0
  MobileEditor:
    :commit: 1dcfd1350c277d03d81a144e1fbd6197b885f3f8
    :git: git@gitlab.help-counter.com:ios-libraries/ContentEditor.git
    :submodules: true
  Spine:
    :git: https://github.com/Keeward/Spine.git
    :tag: 0.3.2
  SwiftLoader:
    :git: https://github.com/keeward/SwiftLoader
    :tag: 0.3.1
  Version:
    :commit: 40c9d8e1862fd2bb7f3aa854c762baa67ec14d9c
    :git: https://github.com/opwoco/Version
  WSTagsField:
    :commit: 726ca23c953c4e8a7003031f69f6de36254ab570
    :git: https://github.com/Keeward/WSTagsField.git

SPEC CHECKSUMS:
  Alamofire: f41a599bd63041760b26d393ec1069d9d7b917f4
  ALCameraViewController: 4a513b8d5ecfdb3f34c50b1d469c373aae1ec7b4
  AsyncDisplayKit: 1585f6cd0531ae9b30476f5912f577b73ebcb0e4
  Bolts: ac6567323eac61e203f6a9763667d0f711be34c8
  BrightFutures: 8681dbb9fa831b69b6e7dc4a498b9e081d5daeb5
  Crashlytics: 79e236942ca1e7fc641df1feb9a275360a78ab6a
  DTCoreText: e5d688cffc9f6a61eddd1a4f94e2046851230de3
  DTFoundation: f03be9fd786f11e505bb8fc44e2a3732bf0917df
  EMCCountryPickerController: 053b7e420dcb662c1436340cb856282af5a038be
  Fabric: 5911403591946b8228ab1c51d98f1d7137e863c6
  FacebookCore: 3ffa190a3f1f96cec0e44d3fc221bc322c595ffa
  FacebookLogin: 0af839ea858faef99550d16596b87b4a8e8906e6
  FacebookShare: 0469964297ebd75f052be2c5083389a4208e82b7
  FBSDKCoreKit: 6f139173dc63a1deaff4430a55f2fe5bb222d2af
  FBSDKLoginKit: 56a057ca6822535ea0faa25f57a7c41edb697fd4
  FBSDKShareKit: 18a2cd118aef11dd657fe7e8b64bae5c719088b2
  FLKAutoLayout: 106b14dbae09d32c6730190f4e78a959759ba4a4
  GoogleAnalytics: f42cc53a87a51fe94334821868d9c8481ff47a7b
  GSImageViewerController: 73e84498743987560d24814828baa8f307e0e206
  Keys: 9c35bf00f612ee1d48556f4a4b9b4551e224e90f
  MobileEditor: 6b527223b772efddc0f1c9d4758bc48ae58060b0
  Moya: c37eec09a098ba9991b5a963b291fc5704bdb9ef
  PINCache: a89c8f609232afac77128557bd12c861844423d7
  PINOperation: ac23db44796d4a564ecf9b5ea7163510f579b71d
  PINRemoteImage: c4f9f16932840c597f32e69dd288e10e111a1929
  ReachabilitySwift: f5b9bb30a0777fac8f09ce8b067e32faeb29bb64
  Result: d2d07204ce72856f1fd9130bbe42c35a7b0fea10
  RichEditorView: e5990b1a092539559def9df135e064b29ab97e68
  SDWebImage: 76a6348bdc74eb5a55dd08a091ef298e56b55e41
  Segmentio: f85114993e305bd9c522952eef8c2c4db732fd17
  Spine: 9a5076f732897dc67c0303b4b3d871cfee903efa
  SwiftLinkPreview: 47a131fd165204f0c3f2531320e48a7da5856915
  SwiftLoader: 0009cbba8d0610ec58403bd76f705cdd6ae63edb
  SwiftMessages: 08386e74abe1b32fa8ac2075edb4043c56db709d
  SwiftyJSON: c2842d878f95482ffceec5709abc3d05680c0220
  TTTAttributedLabel: 8cffe8e127e4e82ff3af1e5386d4cd0ad000b656
  UIImageViewAlignedSwift: e57cc89b4738a82ffad1b76e8ab01f898215bbfb
  Version: 31221742495765fc798d08eae45de3c936dce0db
  WSTagsField: 93e5176092bdd3d48bdf02817aad04dcb2631aac

PODFILE CHECKSUM: fd2ed62c424a924f44d436e9904abc1406751ada

COCOAPODS: 1.3.1
