// !$*UTF8*$!
{
	archiveVersion = 1;
	classes = {
	};
	objectVersion = 46;
	objects = {

/* Begin PBXBuildFile section */
		19C00714F09A1D3937F9AAE7 /* Pods_BookwittyTests.framework in Frameworks */ = {isa = PBXBuildFile; fileRef = 818A1F91D01CB7BB5A6D072B /* Pods_BookwittyTests.framework */; };
		2D1D0880B4A8EB8C8A6AD1A8 /* Pods_Bookwitty.framework in Frameworks */ = {isa = PBXBuildFile; fileRef = 2DCB4871AA2D1FFE934BA599 /* Pods_Bookwitty.framework */; };
		59057FE01E25340A0036AAF3 /* LaunchScreen.storyboard in Resources */ = {isa = PBXBuildFile; fileRef = 59057FDE1E25340A0036AAF3 /* LaunchScreen.storyboard */; };
		59057FE11E25340A0036AAF3 /* Main.storyboard in Resources */ = {isa = PBXBuildFile; fileRef = 59057FDF1E25340A0036AAF3 /* Main.storyboard */; };
		595A649C1E2CCB8900655067 /* BookwittyAPI.swift in Sources */ = {isa = PBXBuildFile; fileRef = 595A649B1E2CCB8900655067 /* BookwittyAPI.swift */; };
		595A649E1E2CF4EA00655067 /* String.swift in Sources */ = {isa = PBXBuildFile; fileRef = 595A649D1E2CF4EA00655067 /* String.swift */; };
		595A64A01E2D0C4D00655067 /* Network.swift in Sources */ = {isa = PBXBuildFile; fileRef = 595A649F1E2D0C4D00655067 /* Network.swift */; };
		595A64A21E2D66E900655067 /* BookwittyAPITests.swift in Sources */ = {isa = PBXBuildFile; fileRef = 595A64A11E2D66E900655067 /* BookwittyAPITests.swift */; };
		596FAD741E2E53AC0064F967 /* Environment.swift in Sources */ = {isa = PBXBuildFile; fileRef = 596FAD731E2E53AC0064F967 /* Environment.swift */; };
		59B65FD31E251FE80093FF44 /* Assets.xcassets in Resources */ = {isa = PBXBuildFile; fileRef = 59B65FD21E251FE80093FF44 /* Assets.xcassets */; };
		59B65FD81E2524D60093FF44 /* ViewController.swift in Sources */ = {isa = PBXBuildFile; fileRef = 59B65FD61E2524D60093FF44 /* ViewController.swift */; };
		59BAC6991E2FCD1A0063F573 /* GoogleService-Info.plist in Resources */ = {isa = PBXBuildFile; fileRef = 59BAC6981E2FCD1A0063F573 /* GoogleService-Info.plist */; };
		59BD55781E302EB800D3B805 /* Analytics.swift in Sources */ = {isa = PBXBuildFile; fileRef = 59BD55761E302EB800D3B805 /* Analytics.swift */; };
		59BD557A1E309BFC00D3B805 /* GeneralSettings.swift in Sources */ = {isa = PBXBuildFile; fileRef = 59BD55791E309BFC00D3B805 /* GeneralSettings.swift */; };
		59FBBC4D1E1D074400FC84E5 /* AppDelegate.swift in Sources */ = {isa = PBXBuildFile; fileRef = 59FBBC4C1E1D074400FC84E5 /* AppDelegate.swift */; };
/* End PBXBuildFile section */

/* Begin PBXContainerItemProxy section */
		59FBBC5E1E1D074400FC84E5 /* PBXContainerItemProxy */ = {
			isa = PBXContainerItemProxy;
			containerPortal = 59FBBC411E1D074400FC84E5 /* Project object */;
			proxyType = 1;
			remoteGlobalIDString = 59FBBC481E1D074400FC84E5;
			remoteInfo = Bookwitty;
		};
/* End PBXContainerItemProxy section */

/* Begin PBXFileReference section */
		2DCB4871AA2D1FFE934BA599 /* Pods_Bookwitty.framework */ = {isa = PBXFileReference; explicitFileType = wrapper.framework; includeInIndex = 0; path = Pods_Bookwitty.framework; sourceTree = BUILT_PRODUCTS_DIR; };
		59057FDE1E25340A0036AAF3 /* LaunchScreen.storyboard */ = {isa = PBXFileReference; fileEncoding = 4; lastKnownFileType = file.storyboard; path = LaunchScreen.storyboard; sourceTree = "<group>"; };
		59057FDF1E25340A0036AAF3 /* Main.storyboard */ = {isa = PBXFileReference; fileEncoding = 4; lastKnownFileType = file.storyboard; path = Main.storyboard; sourceTree = "<group>"; };
		590B3F1C1E2FCA5900542671 /* Bookwitty-Bridging-Header.h */ = {isa = PBXFileReference; lastKnownFileType = sourcecode.c.h; path = "Bookwitty-Bridging-Header.h"; sourceTree = "<group>"; };
		595A649B1E2CCB8900655067 /* BookwittyAPI.swift */ = {isa = PBXFileReference; fileEncoding = 4; lastKnownFileType = sourcecode.swift; path = BookwittyAPI.swift; sourceTree = "<group>"; };
		595A649D1E2CF4EA00655067 /* String.swift */ = {isa = PBXFileReference; fileEncoding = 4; lastKnownFileType = sourcecode.swift; path = String.swift; sourceTree = "<group>"; };
		595A649F1E2D0C4D00655067 /* Network.swift */ = {isa = PBXFileReference; fileEncoding = 4; lastKnownFileType = sourcecode.swift; path = Network.swift; sourceTree = "<group>"; };
		595A64A11E2D66E900655067 /* BookwittyAPITests.swift */ = {isa = PBXFileReference; fileEncoding = 4; lastKnownFileType = sourcecode.swift; path = BookwittyAPITests.swift; sourceTree = "<group>"; };
		596FAD731E2E53AC0064F967 /* Environment.swift */ = {isa = PBXFileReference; fileEncoding = 4; lastKnownFileType = sourcecode.swift; path = Environment.swift; sourceTree = "<group>"; };
		59B65FD21E251FE80093FF44 /* Assets.xcassets */ = {isa = PBXFileReference; lastKnownFileType = folder.assetcatalog; path = Assets.xcassets; sourceTree = "<group>"; };
		59B65FD61E2524D60093FF44 /* ViewController.swift */ = {isa = PBXFileReference; fileEncoding = 4; lastKnownFileType = sourcecode.swift; path = ViewController.swift; sourceTree = "<group>"; };
		59BAC6981E2FCD1A0063F573 /* GoogleService-Info.plist */ = {isa = PBXFileReference; fileEncoding = 4; lastKnownFileType = text.plist.xml; path = "GoogleService-Info.plist"; sourceTree = "<group>"; };
		59BD55761E302EB800D3B805 /* Analytics.swift */ = {isa = PBXFileReference; fileEncoding = 4; lastKnownFileType = sourcecode.swift; path = Analytics.swift; sourceTree = "<group>"; };
		59BD55791E309BFC00D3B805 /* GeneralSettings.swift */ = {isa = PBXFileReference; fileEncoding = 4; lastKnownFileType = sourcecode.swift; path = GeneralSettings.swift; sourceTree = "<group>"; };
		59FBBC491E1D074400FC84E5 /* Bookwitty.app */ = {isa = PBXFileReference; explicitFileType = wrapper.application; includeInIndex = 0; path = Bookwitty.app; sourceTree = BUILT_PRODUCTS_DIR; };
		59FBBC4C1E1D074400FC84E5 /* AppDelegate.swift */ = {isa = PBXFileReference; lastKnownFileType = sourcecode.swift; path = AppDelegate.swift; sourceTree = "<group>"; };
		59FBBC581E1D074400FC84E5 /* Info.plist */ = {isa = PBXFileReference; lastKnownFileType = text.plist.xml; path = Info.plist; sourceTree = "<group>"; };
		59FBBC5D1E1D074400FC84E5 /* BookwittyTests.xctest */ = {isa = PBXFileReference; explicitFileType = wrapper.cfbundle; includeInIndex = 0; path = BookwittyTests.xctest; sourceTree = BUILT_PRODUCTS_DIR; };
		59FBBC631E1D074400FC84E5 /* Info.plist */ = {isa = PBXFileReference; lastKnownFileType = text.plist.xml; path = Info.plist; sourceTree = "<group>"; };
		61D0EE3946D28FF160292FF2 /* Pods-Bookwitty.release.xcconfig */ = {isa = PBXFileReference; includeInIndex = 1; lastKnownFileType = text.xcconfig; name = "Pods-Bookwitty.release.xcconfig"; path = "Pods/Target Support Files/Pods-Bookwitty/Pods-Bookwitty.release.xcconfig"; sourceTree = "<group>"; };
		818A1F91D01CB7BB5A6D072B /* Pods_BookwittyTests.framework */ = {isa = PBXFileReference; explicitFileType = wrapper.framework; includeInIndex = 0; path = Pods_BookwittyTests.framework; sourceTree = BUILT_PRODUCTS_DIR; };
		B75E5B87D9559EBD71824DD7 /* Pods-Bookwitty.debug.xcconfig */ = {isa = PBXFileReference; includeInIndex = 1; lastKnownFileType = text.xcconfig; name = "Pods-Bookwitty.debug.xcconfig"; path = "Pods/Target Support Files/Pods-Bookwitty/Pods-Bookwitty.debug.xcconfig"; sourceTree = "<group>"; };
		CB5E98B3C54E0B0AD22F5CB4 /* Pods-BookwittyTests.release.xcconfig */ = {isa = PBXFileReference; includeInIndex = 1; lastKnownFileType = text.xcconfig; name = "Pods-BookwittyTests.release.xcconfig"; path = "Pods/Target Support Files/Pods-BookwittyTests/Pods-BookwittyTests.release.xcconfig"; sourceTree = "<group>"; };
		F51280CA021D07F160F13471 /* Pods-BookwittyTests.debug.xcconfig */ = {isa = PBXFileReference; includeInIndex = 1; lastKnownFileType = text.xcconfig; name = "Pods-BookwittyTests.debug.xcconfig"; path = "Pods/Target Support Files/Pods-BookwittyTests/Pods-BookwittyTests.debug.xcconfig"; sourceTree = "<group>"; };
/* End PBXFileReference section */

/* Begin PBXFrameworksBuildPhase section */
		59FBBC461E1D074400FC84E5 /* Frameworks */ = {
			isa = PBXFrameworksBuildPhase;
			buildActionMask = 2147483647;
			files = (
				2D1D0880B4A8EB8C8A6AD1A8 /* Pods_Bookwitty.framework in Frameworks */,
			);
			runOnlyForDeploymentPostprocessing = 0;
		};
		59FBBC5A1E1D074400FC84E5 /* Frameworks */ = {
			isa = PBXFrameworksBuildPhase;
			buildActionMask = 2147483647;
			files = (
				19C00714F09A1D3937F9AAE7 /* Pods_BookwittyTests.framework in Frameworks */,
			);
			runOnlyForDeploymentPostprocessing = 0;
		};
/* End PBXFrameworksBuildPhase section */

/* Begin PBXGroup section */
		4C423FDC175E8B1F93C4EB6B /* Frameworks */ = {
			isa = PBXGroup;
			children = (
				2DCB4871AA2D1FFE934BA599 /* Pods_Bookwitty.framework */,
				818A1F91D01CB7BB5A6D072B /* Pods_BookwittyTests.framework */,
			);
			name = Frameworks;
			sourceTree = "<group>";
		};
		59057FC51E252C500036AAF3 /* ViewModels */ = {
			isa = PBXGroup;
			children = (
			);
			path = ViewModels;
			sourceTree = "<group>";
		};
		59057FC81E252E710036AAF3 /* Networking */ = {
			isa = PBXGroup;
			children = (
				596FAD731E2E53AC0064F967 /* Environment.swift */,
				595A649B1E2CCB8900655067 /* BookwittyAPI.swift */,
				595A649F1E2D0C4D00655067 /* Network.swift */,
			);
			name = Networking;
			path = Bookwitty/Networking;
			sourceTree = SOURCE_ROOT;
		};
		59057FCB1E252FC30036AAF3 /* Models */ = {
			isa = PBXGroup;
			children = (
			);
			path = Models;
			sourceTree = "<group>";
		};
		59057FCE1E2530900036AAF3 /* Utilities */ = {
			isa = PBXGroup;
			children = (
				59BD55741E302EB800D3B805 /* Analytics */,
				595A649D1E2CF4EA00655067 /* String.swift */,
			);
			path = Utilities;
			sourceTree = "<group>";
		};
		59057FD11E25317B0036AAF3 /* Themes */ = {
			isa = PBXGroup;
			children = (
			);
			path = Themes;
			sourceTree = "<group>";
		};
		59057FD41E2532420036AAF3 /* Storyboards */ = {
			isa = PBXGroup;
			children = (
				59057FDE1E25340A0036AAF3 /* LaunchScreen.storyboard */,
				59057FDF1E25340A0036AAF3 /* Main.storyboard */,
			);
			path = Storyboards;
			sourceTree = "<group>";
		};
		59057FD71E2533010036AAF3 /* Components */ = {
			isa = PBXGroup;
			children = (
				59057FD81E2533010036AAF3 /* Nodes */,
				59057FDA1E2533010036AAF3 /* Views */,
			);
			path = Components;
			sourceTree = "<group>";
		};
		59057FD81E2533010036AAF3 /* Nodes */ = {
			isa = PBXGroup;
			children = (
			);
			path = Nodes;
			sourceTree = "<group>";
		};
		59057FDA1E2533010036AAF3 /* Views */ = {
			isa = PBXGroup;
			children = (
			);
			path = Views;
			sourceTree = "<group>";
		};
		59B65FD11E251FE80093FF44 /* Assets */ = {
			isa = PBXGroup;
			children = (
				59B65FD21E251FE80093FF44 /* Assets.xcassets */,
			);
			path = Assets;
			sourceTree = "<group>";
		};
		59B65FD41E2524D60093FF44 /* ViewControllers */ = {
			isa = PBXGroup;
			children = (
				59B65FD61E2524D60093FF44 /* ViewController.swift */,
			);
			path = ViewControllers;
			sourceTree = "<group>";
		};
		59BD55741E302EB800D3B805 /* Analytics */ = {
			isa = PBXGroup;
			children = (
				59BD55761E302EB800D3B805 /* Analytics.swift */,
			);
			path = Analytics;
			sourceTree = "<group>";
		};
		59FBBC401E1D074400FC84E5 = {
			isa = PBXGroup;
			children = (
				59FBBC4B1E1D074400FC84E5 /* Bookwitty */,
				59FBBC601E1D074400FC84E5 /* BookwittyTests */,
				59FBBC4A1E1D074400FC84E5 /* Products */,
				B797387E3B3EFE129204BBBA /* Pods */,
				4C423FDC175E8B1F93C4EB6B /* Frameworks */,
			);
			sourceTree = "<group>";
		};
		59FBBC4A1E1D074400FC84E5 /* Products */ = {
			isa = PBXGroup;
			children = (
				59FBBC491E1D074400FC84E5 /* Bookwitty.app */,
				59FBBC5D1E1D074400FC84E5 /* BookwittyTests.xctest */,
			);
			name = Products;
			sourceTree = "<group>";
		};
		59FBBC4B1E1D074400FC84E5 /* Bookwitty */ = {
			isa = PBXGroup;
			children = (
				59FBBC4C1E1D074400FC84E5 /* AppDelegate.swift */,
				59B65FD11E251FE80093FF44 /* Assets */,
				59057FD11E25317B0036AAF3 /* Themes */,
				59057FD71E2533010036AAF3 /* Components */,
				59057FD41E2532420036AAF3 /* Storyboards */,
				59B65FD41E2524D60093FF44 /* ViewControllers */,
				59057FC51E252C500036AAF3 /* ViewModels */,
				59057FCB1E252FC30036AAF3 /* Models */,
				59057FC81E252E710036AAF3 /* Networking */,
				59057FCE1E2530900036AAF3 /* Utilities */,
				59FBBC581E1D074400FC84E5 /* Info.plist */,
				59BAC6981E2FCD1A0063F573 /* GoogleService-Info.plist */,
				590B3F1C1E2FCA5900542671 /* Bookwitty-Bridging-Header.h */,
				59BD55791E309BFC00D3B805 /* GeneralSettings.swift */,
			);
			path = Bookwitty;
			sourceTree = "<group>";
		};
		59FBBC601E1D074400FC84E5 /* BookwittyTests */ = {
			isa = PBXGroup;
			children = (
				59FBBC631E1D074400FC84E5 /* Info.plist */,
				595A64A11E2D66E900655067 /* BookwittyAPITests.swift */,
			);
			path = BookwittyTests;
			sourceTree = "<group>";
		};
		B797387E3B3EFE129204BBBA /* Pods */ = {
			isa = PBXGroup;
			children = (
				B75E5B87D9559EBD71824DD7 /* Pods-Bookwitty.debug.xcconfig */,
				61D0EE3946D28FF160292FF2 /* Pods-Bookwitty.release.xcconfig */,
				F51280CA021D07F160F13471 /* Pods-BookwittyTests.debug.xcconfig */,
				CB5E98B3C54E0B0AD22F5CB4 /* Pods-BookwittyTests.release.xcconfig */,
			);
			name = Pods;
			sourceTree = "<group>";
		};
/* End PBXGroup section */

/* Begin PBXNativeTarget section */
		59FBBC481E1D074400FC84E5 /* Bookwitty */ = {
			isa = PBXNativeTarget;
			buildConfigurationList = 59FBBC661E1D074400FC84E5 /* Build configuration list for PBXNativeTarget "Bookwitty" */;
			buildPhases = (
				0A7413EDC5C9477156895F61 /* [CP] Check Pods Manifest.lock */,
				59FBBC451E1D074400FC84E5 /* Sources */,
				59FBBC461E1D074400FC84E5 /* Frameworks */,
				59FBBC471E1D074400FC84E5 /* Resources */,
				549223EAAC9E610D39F0D427 /* [CP] Embed Pods Frameworks */,
				6383E0DEEC0AC02413F163F2 /* [CP] Copy Pods Resources */,
				59C921011E2E7E3200EF6AC2 /* ShellScript */,
			);
			buildRules = (
			);
			dependencies = (
			);
			name = Bookwitty;
			productName = Bookwitty;
			productReference = 59FBBC491E1D074400FC84E5 /* Bookwitty.app */;
			productType = "com.apple.product-type.application";
		};
		59FBBC5C1E1D074400FC84E5 /* BookwittyTests */ = {
			isa = PBXNativeTarget;
			buildConfigurationList = 59FBBC691E1D074400FC84E5 /* Build configuration list for PBXNativeTarget "BookwittyTests" */;
			buildPhases = (
				98C98C0862C11E61BC7C5AC2 /* [CP] Check Pods Manifest.lock */,
				59FBBC591E1D074400FC84E5 /* Sources */,
				59FBBC5A1E1D074400FC84E5 /* Frameworks */,
				59FBBC5B1E1D074400FC84E5 /* Resources */,
				3B455A10EB26F4FE187018DE /* [CP] Embed Pods Frameworks */,
				555627425C0117AC3CA53440 /* [CP] Copy Pods Resources */,
			);
			buildRules = (
			);
			dependencies = (
				59FBBC5F1E1D074400FC84E5 /* PBXTargetDependency */,
			);
			name = BookwittyTests;
			productName = BookwittyTests;
			productReference = 59FBBC5D1E1D074400FC84E5 /* BookwittyTests.xctest */;
			productType = "com.apple.product-type.bundle.unit-test";
		};
/* End PBXNativeTarget section */

/* Begin PBXProject section */
		59FBBC411E1D074400FC84E5 /* Project object */ = {
			isa = PBXProject;
			attributes = {
				LastSwiftUpdateCheck = 0810;
				LastUpgradeCheck = 0810;
				ORGANIZATIONNAME = Keeward;
				TargetAttributes = {
					59FBBC481E1D074400FC84E5 = {
						CreatedOnToolsVersion = 8.1;
						DevelopmentTeam = 65T23W9U79;
						ProvisioningStyle = Automatic;
					};
					59FBBC5C1E1D074400FC84E5 = {
						CreatedOnToolsVersion = 8.1;
						DevelopmentTeam = 65T23W9U79;
						ProvisioningStyle = Automatic;
						TestTargetID = 59FBBC481E1D074400FC84E5;
					};
				};
			};
			buildConfigurationList = 59FBBC441E1D074400FC84E5 /* Build configuration list for PBXProject "Bookwitty" */;
			compatibilityVersion = "Xcode 3.2";
			developmentRegion = English;
			hasScannedForEncodings = 0;
			knownRegions = (
				en,
				Base,
			);
			mainGroup = 59FBBC401E1D074400FC84E5;
			productRefGroup = 59FBBC4A1E1D074400FC84E5 /* Products */;
			projectDirPath = "";
			projectRoot = "";
			targets = (
				59FBBC481E1D074400FC84E5 /* Bookwitty */,
				59FBBC5C1E1D074400FC84E5 /* BookwittyTests */,
			);
		};
/* End PBXProject section */

/* Begin PBXResourcesBuildPhase section */
		59FBBC471E1D074400FC84E5 /* Resources */ = {
			isa = PBXResourcesBuildPhase;
			buildActionMask = 2147483647;
			files = (
				59057FE11E25340A0036AAF3 /* Main.storyboard in Resources */,
				59BAC6991E2FCD1A0063F573 /* GoogleService-Info.plist in Resources */,
				59B65FD31E251FE80093FF44 /* Assets.xcassets in Resources */,
				59057FE01E25340A0036AAF3 /* LaunchScreen.storyboard in Resources */,
			);
			runOnlyForDeploymentPostprocessing = 0;
		};
		59FBBC5B1E1D074400FC84E5 /* Resources */ = {
			isa = PBXResourcesBuildPhase;
			buildActionMask = 2147483647;
			files = (
			);
			runOnlyForDeploymentPostprocessing = 0;
		};
/* End PBXResourcesBuildPhase section */

/* Begin PBXShellScriptBuildPhase section */
		0A7413EDC5C9477156895F61 /* [CP] Check Pods Manifest.lock */ = {
			isa = PBXShellScriptBuildPhase;
			buildActionMask = 2147483647;
			files = (
			);
			inputPaths = (
			);
			name = "[CP] Check Pods Manifest.lock";
			outputPaths = (
			);
			runOnlyForDeploymentPostprocessing = 0;
			shellPath = /bin/sh;
			shellScript = "diff \"${PODS_ROOT}/../Podfile.lock\" \"${PODS_ROOT}/Manifest.lock\" > /dev/null\nif [ $? != 0 ] ; then\n    # print error to STDERR\n    echo \"error: The sandbox is not in sync with the Podfile.lock. Run 'pod install' or update your CocoaPods installation.\" >&2\n    exit 1\nfi\n";
			showEnvVarsInLog = 0;
		};
		3B455A10EB26F4FE187018DE /* [CP] Embed Pods Frameworks */ = {
			isa = PBXShellScriptBuildPhase;
			buildActionMask = 2147483647;
			files = (
			);
			inputPaths = (
			);
			name = "[CP] Embed Pods Frameworks";
			outputPaths = (
			);
			runOnlyForDeploymentPostprocessing = 0;
			shellPath = /bin/sh;
			shellScript = "\"${SRCROOT}/Pods/Target Support Files/Pods-BookwittyTests/Pods-BookwittyTests-frameworks.sh\"\n";
			showEnvVarsInLog = 0;
		};
		549223EAAC9E610D39F0D427 /* [CP] Embed Pods Frameworks */ = {
			isa = PBXShellScriptBuildPhase;
			buildActionMask = 2147483647;
			files = (
			);
			inputPaths = (
			);
			name = "[CP] Embed Pods Frameworks";
			outputPaths = (
			);
			runOnlyForDeploymentPostprocessing = 0;
			shellPath = /bin/sh;
			shellScript = "\"${SRCROOT}/Pods/Target Support Files/Pods-Bookwitty/Pods-Bookwitty-frameworks.sh\"\n";
			showEnvVarsInLog = 0;
		};
		555627425C0117AC3CA53440 /* [CP] Copy Pods Resources */ = {
			isa = PBXShellScriptBuildPhase;
			buildActionMask = 2147483647;
			files = (
			);
			inputPaths = (
			);
			name = "[CP] Copy Pods Resources";
			outputPaths = (
			);
			runOnlyForDeploymentPostprocessing = 0;
			shellPath = /bin/sh;
			shellScript = "\"${SRCROOT}/Pods/Target Support Files/Pods-BookwittyTests/Pods-BookwittyTests-resources.sh\"\n";
			showEnvVarsInLog = 0;
		};
		59C921011E2E7E3200EF6AC2 /* ShellScript */ = {
			isa = PBXShellScriptBuildPhase;
			buildActionMask = 2147483647;
			files = (
			);
			inputPaths = (
			);
			outputPaths = (
			);
			runOnlyForDeploymentPostprocessing = 0;
			shellPath = /bin/sh;
			shellScript = "\"${PODS_ROOT}/Fabric/run\" 081c5e21d59aa6200fc7d8e23cced187b13e06e6 2c467c9075ea0dc7d53865b3e685faa2a7ad4875b1f4dd9f25c21ed6913f566b";
		};
		6383E0DEEC0AC02413F163F2 /* [CP] Copy Pods Resources */ = {
			isa = PBXShellScriptBuildPhase;
			buildActionMask = 2147483647;
			files = (
			);
			inputPaths = (
			);
			name = "[CP] Copy Pods Resources";
			outputPaths = (
			);
			runOnlyForDeploymentPostprocessing = 0;
			shellPath = /bin/sh;
			shellScript = "\"${SRCROOT}/Pods/Target Support Files/Pods-Bookwitty/Pods-Bookwitty-resources.sh\"\n";
			showEnvVarsInLog = 0;
		};
		98C98C0862C11E61BC7C5AC2 /* [CP] Check Pods Manifest.lock */ = {
			isa = PBXShellScriptBuildPhase;
			buildActionMask = 2147483647;
			files = (
			);
			inputPaths = (
			);
			name = "[CP] Check Pods Manifest.lock";
			outputPaths = (
			);
			runOnlyForDeploymentPostprocessing = 0;
			shellPath = /bin/sh;
			shellScript = "diff \"${PODS_ROOT}/../Podfile.lock\" \"${PODS_ROOT}/Manifest.lock\" > /dev/null\nif [ $? != 0 ] ; then\n    # print error to STDERR\n    echo \"error: The sandbox is not in sync with the Podfile.lock. Run 'pod install' or update your CocoaPods installation.\" >&2\n    exit 1\nfi\n";
			showEnvVarsInLog = 0;
		};
/* End PBXShellScriptBuildPhase section */

/* Begin PBXSourcesBuildPhase section */
		59FBBC451E1D074400FC84E5 /* Sources */ = {
			isa = PBXSourcesBuildPhase;
			buildActionMask = 2147483647;
			files = (
				59B65FD81E2524D60093FF44 /* ViewController.swift in Sources */,
				596FAD741E2E53AC0064F967 /* Environment.swift in Sources */,
				59BD55781E302EB800D3B805 /* Analytics.swift in Sources */,
				59BD557A1E309BFC00D3B805 /* GeneralSettings.swift in Sources */,
				595A64A01E2D0C4D00655067 /* Network.swift in Sources */,
				595A649C1E2CCB8900655067 /* BookwittyAPI.swift in Sources */,
				595A649E1E2CF4EA00655067 /* String.swift in Sources */,
				59FBBC4D1E1D074400FC84E5 /* AppDelegate.swift in Sources */,
			);
			runOnlyForDeploymentPostprocessing = 0;
		};
		59FBBC591E1D074400FC84E5 /* Sources */ = {
			isa = PBXSourcesBuildPhase;
			buildActionMask = 2147483647;
			files = (
				595A64A21E2D66E900655067 /* BookwittyAPITests.swift in Sources */,
			);
			runOnlyForDeploymentPostprocessing = 0;
		};
/* End PBXSourcesBuildPhase section */

/* Begin PBXTargetDependency section */
		59FBBC5F1E1D074400FC84E5 /* PBXTargetDependency */ = {
			isa = PBXTargetDependency;
			target = 59FBBC481E1D074400FC84E5 /* Bookwitty */;
			targetProxy = 59FBBC5E1E1D074400FC84E5 /* PBXContainerItemProxy */;
		};
/* End PBXTargetDependency section */

/* Begin XCBuildConfiguration section */
		59FBBC641E1D074400FC84E5 /* Debug */ = {
			isa = XCBuildConfiguration;
			buildSettings = {
				ALWAYS_SEARCH_USER_PATHS = NO;
				CLANG_ANALYZER_NONNULL = YES;
				CLANG_CXX_LANGUAGE_STANDARD = "gnu++0x";
				CLANG_CXX_LIBRARY = "libc++";
				CLANG_ENABLE_MODULES = YES;
				CLANG_ENABLE_OBJC_ARC = YES;
				CLANG_WARN_BOOL_CONVERSION = YES;
				CLANG_WARN_CONSTANT_CONVERSION = YES;
				CLANG_WARN_DIRECT_OBJC_ISA_USAGE = YES_ERROR;
				CLANG_WARN_DOCUMENTATION_COMMENTS = YES;
				CLANG_WARN_EMPTY_BODY = YES;
				CLANG_WARN_ENUM_CONVERSION = YES;
				CLANG_WARN_INFINITE_RECURSION = YES;
				CLANG_WARN_INT_CONVERSION = YES;
				CLANG_WARN_OBJC_ROOT_CLASS = YES_ERROR;
				CLANG_WARN_SUSPICIOUS_MOVES = YES;
				CLANG_WARN_UNREACHABLE_CODE = YES;
				CLANG_WARN__DUPLICATE_METHOD_MATCH = YES;
				"CODE_SIGN_IDENTITY[sdk=iphoneos*]" = "iPhone Developer";
				COPY_PHASE_STRIP = NO;
				DEBUG_INFORMATION_FORMAT = dwarf;
				ENABLE_STRICT_OBJC_MSGSEND = YES;
				ENABLE_TESTABILITY = YES;
				GCC_C_LANGUAGE_STANDARD = gnu99;
				GCC_DYNAMIC_NO_PIC = NO;
				GCC_NO_COMMON_BLOCKS = YES;
				GCC_OPTIMIZATION_LEVEL = 0;
				GCC_PREPROCESSOR_DEFINITIONS = (
					"DEBUG=1",
					"$(inherited)",
				);
				GCC_WARN_64_TO_32_BIT_CONVERSION = YES;
				GCC_WARN_ABOUT_RETURN_TYPE = YES_ERROR;
				GCC_WARN_UNDECLARED_SELECTOR = YES;
				GCC_WARN_UNINITIALIZED_AUTOS = YES_AGGRESSIVE;
				GCC_WARN_UNUSED_FUNCTION = YES;
				GCC_WARN_UNUSED_VARIABLE = YES;
				IPHONEOS_DEPLOYMENT_TARGET = 10.1;
				MTL_ENABLE_DEBUG_INFO = YES;
				ONLY_ACTIVE_ARCH = YES;
				SDKROOT = iphoneos;
				SWIFT_ACTIVE_COMPILATION_CONDITIONS = DEBUG;
				SWIFT_OPTIMIZATION_LEVEL = "-Onone";
				TARGETED_DEVICE_FAMILY = "1,2";
			};
			name = Debug;
		};
		59FBBC651E1D074400FC84E5 /* Release */ = {
			isa = XCBuildConfiguration;
			buildSettings = {
				ALWAYS_SEARCH_USER_PATHS = NO;
				CLANG_ANALYZER_NONNULL = YES;
				CLANG_CXX_LANGUAGE_STANDARD = "gnu++0x";
				CLANG_CXX_LIBRARY = "libc++";
				CLANG_ENABLE_MODULES = YES;
				CLANG_ENABLE_OBJC_ARC = YES;
				CLANG_WARN_BOOL_CONVERSION = YES;
				CLANG_WARN_CONSTANT_CONVERSION = YES;
				CLANG_WARN_DIRECT_OBJC_ISA_USAGE = YES_ERROR;
				CLANG_WARN_DOCUMENTATION_COMMENTS = YES;
				CLANG_WARN_EMPTY_BODY = YES;
				CLANG_WARN_ENUM_CONVERSION = YES;
				CLANG_WARN_INFINITE_RECURSION = YES;
				CLANG_WARN_INT_CONVERSION = YES;
				CLANG_WARN_OBJC_ROOT_CLASS = YES_ERROR;
				CLANG_WARN_SUSPICIOUS_MOVES = YES;
				CLANG_WARN_UNREACHABLE_CODE = YES;
				CLANG_WARN__DUPLICATE_METHOD_MATCH = YES;
				"CODE_SIGN_IDENTITY[sdk=iphoneos*]" = "iPhone Developer";
				COPY_PHASE_STRIP = NO;
				DEBUG_INFORMATION_FORMAT = "dwarf-with-dsym";
				ENABLE_NS_ASSERTIONS = NO;
				ENABLE_STRICT_OBJC_MSGSEND = YES;
				GCC_C_LANGUAGE_STANDARD = gnu99;
				GCC_NO_COMMON_BLOCKS = YES;
				GCC_WARN_64_TO_32_BIT_CONVERSION = YES;
				GCC_WARN_ABOUT_RETURN_TYPE = YES_ERROR;
				GCC_WARN_UNDECLARED_SELECTOR = YES;
				GCC_WARN_UNINITIALIZED_AUTOS = YES_AGGRESSIVE;
				GCC_WARN_UNUSED_FUNCTION = YES;
				GCC_WARN_UNUSED_VARIABLE = YES;
				IPHONEOS_DEPLOYMENT_TARGET = 10.1;
				MTL_ENABLE_DEBUG_INFO = NO;
				SDKROOT = iphoneos;
				SWIFT_OPTIMIZATION_LEVEL = "-Owholemodule";
				TARGETED_DEVICE_FAMILY = "1,2";
				VALIDATE_PRODUCT = YES;
			};
			name = Release;
		};
		59FBBC671E1D074400FC84E5 /* Debug */ = {
			isa = XCBuildConfiguration;
			baseConfigurationReference = B75E5B87D9559EBD71824DD7 /* Pods-Bookwitty.debug.xcconfig */;
			buildSettings = {
				ASSETCATALOG_COMPILER_APPICON_NAME = AppIcon;
				DEVELOPMENT_TEAM = 65T23W9U79;
				INFOPLIST_FILE = Bookwitty/Info.plist;
				LD_RUNPATH_SEARCH_PATHS = "$(inherited) @executable_path/Frameworks";
				PRODUCT_BUNDLE_IDENTIFIER = com.bookwitty.Bookwitty;
				PRODUCT_NAME = "$(TARGET_NAME)";
				SWIFT_OBJC_BRIDGING_HEADER = "Bookwitty/Bookwitty-Bridging-Header.h";
				SWIFT_VERSION = 3.0;
			};
			name = Debug;
		};
		59FBBC681E1D074400FC84E5 /* Release */ = {
			isa = XCBuildConfiguration;
			baseConfigurationReference = 61D0EE3946D28FF160292FF2 /* Pods-Bookwitty.release.xcconfig */;
			buildSettings = {
				ASSETCATALOG_COMPILER_APPICON_NAME = AppIcon;
				DEVELOPMENT_TEAM = 65T23W9U79;
				INFOPLIST_FILE = Bookwitty/Info.plist;
				LD_RUNPATH_SEARCH_PATHS = "$(inherited) @executable_path/Frameworks";
				PRODUCT_BUNDLE_IDENTIFIER = com.bookwitty.Bookwitty;
				PRODUCT_NAME = "$(TARGET_NAME)";
				SWIFT_OBJC_BRIDGING_HEADER = "Bookwitty/Bookwitty-Bridging-Header.h";
				SWIFT_VERSION = 3.0;
			};
			name = Release;
		};
		59FBBC6A1E1D074400FC84E5 /* Debug */ = {
			isa = XCBuildConfiguration;
			baseConfigurationReference = F51280CA021D07F160F13471 /* Pods-BookwittyTests.debug.xcconfig */;
			buildSettings = {
				ALWAYS_EMBED_SWIFT_STANDARD_LIBRARIES = "$(inherited)";
				BUNDLE_LOADER = "$(TEST_HOST)";
				DEVELOPMENT_TEAM = 65T23W9U79;
				INFOPLIST_FILE = BookwittyTests/Info.plist;
				LD_RUNPATH_SEARCH_PATHS = "$(inherited) @executable_path/Frameworks @loader_path/Frameworks";
				PRODUCT_BUNDLE_IDENTIFIER = com.keeward.BookwittyTests;
				PRODUCT_NAME = "$(TARGET_NAME)";
				SWIFT_OBJC_BRIDGING_HEADER = "Bookwitty/Bookwitty-Bridging-Header.h";
				SWIFT_VERSION = 3.0;
				TEST_HOST = "$(BUILT_PRODUCTS_DIR)/Bookwitty.app/Bookwitty";
			};
			name = Debug;
		};
		59FBBC6B1E1D074400FC84E5 /* Release */ = {
			isa = XCBuildConfiguration;
			baseConfigurationReference = CB5E98B3C54E0B0AD22F5CB4 /* Pods-BookwittyTests.release.xcconfig */;
			buildSettings = {
				ALWAYS_EMBED_SWIFT_STANDARD_LIBRARIES = "$(inherited)";
				BUNDLE_LOADER = "$(TEST_HOST)";
				DEVELOPMENT_TEAM = 65T23W9U79;
				INFOPLIST_FILE = BookwittyTests/Info.plist;
				LD_RUNPATH_SEARCH_PATHS = "$(inherited) @executable_path/Frameworks @loader_path/Frameworks";
				PRODUCT_BUNDLE_IDENTIFIER = com.keeward.BookwittyTests;
				PRODUCT_NAME = "$(TARGET_NAME)";
				SWIFT_OBJC_BRIDGING_HEADER = "Bookwitty/Bookwitty-Bridging-Header.h";
				SWIFT_VERSION = 3.0;
				TEST_HOST = "$(BUILT_PRODUCTS_DIR)/Bookwitty.app/Bookwitty";
			};
			name = Release;
		};
/* End XCBuildConfiguration section */

/* Begin XCConfigurationList section */
		59FBBC441E1D074400FC84E5 /* Build configuration list for PBXProject "Bookwitty" */ = {
			isa = XCConfigurationList;
			buildConfigurations = (
				59FBBC641E1D074400FC84E5 /* Debug */,
				59FBBC651E1D074400FC84E5 /* Release */,
			);
			defaultConfigurationIsVisible = 0;
			defaultConfigurationName = Release;
		};
		59FBBC661E1D074400FC84E5 /* Build configuration list for PBXNativeTarget "Bookwitty" */ = {
			isa = XCConfigurationList;
			buildConfigurations = (
				59FBBC671E1D074400FC84E5 /* Debug */,
				59FBBC681E1D074400FC84E5 /* Release */,
			);
			defaultConfigurationIsVisible = 0;
			defaultConfigurationName = Release;
		};
		59FBBC691E1D074400FC84E5 /* Build configuration list for PBXNativeTarget "BookwittyTests" */ = {
			isa = XCConfigurationList;
			buildConfigurations = (
				59FBBC6A1E1D074400FC84E5 /* Debug */,
				59FBBC6B1E1D074400FC84E5 /* Release */,
			);
			defaultConfigurationIsVisible = 0;
			defaultConfigurationName = Release;
		};
/* End XCConfigurationList section */
	};
	rootObject = 59FBBC411E1D074400FC84E5 /* Project object */;
}
